
Microsoft Visual Studio Solution File, Format Version 12.00
# Visual Studio Version 17
VisualStudioVersion = 17.1.32210.238
MinimumVisualStudioVersion = 10.0.40219.1
Project("{9A19103F-16F7-4668-BE54-9A1E7A4F7556}") = "ReputationPlugin", "ReputationPlugin\ReputationPlugin.csproj", "{F204A5A9-159A-4756-9617-2A64A080A1CF}"
EndProject
Global
	GlobalSection(SolutionConfigurationPlatforms) = preSolution
		Debug|Any CPU = Debug|Any CPU
		Release|Any CPU = Release|Any CPU
	EndGlobalSection
	GlobalSection(ProjectConfigurationPlatforms) = postSolution
		{F204A5A9-159A-4756-9617-2A64A080A1CF}.Debug|Any CPU.ActiveCfg = Debug|Any CPU
		{F204A5A9-159A-4756-9617-2A64A080A1CF}.Debug|Any CPU.Build.0 = Debug|Any CPU
		{F204A5A9-159A-4756-9617-2A64A080A1CF}.Release|Any CPU.ActiveCfg = Release|Any CPU
		{F204A5A9-159A-4756-9617-2A64A080A1CF}.Release|Any CPU.Build.0 = Release|Any CPU
	EndGlobalSection
	GlobalSection(SolutionProperties) = preSolution
		HideSolutionNode = FALSE
	EndGlobalSection
	GlobalSection(ExtensibilityGlobals) = postSolution
		SolutionGuid = {F6D07295-A1B1-4510-8477-2B7CCB1724B4}
	EndGlobalSection
EndGlobal
